
Microsoft Visual Studio Solution File, Format Version 12.00
# Visual Studio Version 17
VisualStudioVersion = 17.11.35327.3
MinimumVisualStudioVersion = 10.0.40219.1
Project("{9A19103F-16F7-4668-BE54-9A1E7A4F7556}") = "UrlShortener", "Url-Shortener\UrlShortener.csproj", "{F42DF676-7D61-4A6E-ACEA-04A1E2C57246}"
EndProject
Global
	GlobalSection(SolutionConfigurationPlatforms) = preSolution
		Debug|Any CPU = Debug|Any CPU
		Release|Any CPU = Release|Any CPU
	EndGlobalSection
	GlobalSection(ProjectConfigurationPlatforms) = postSolution
		{F42DF676-7D61-4A6E-ACEA-04A1E2C57246}.Debug|Any CPU.ActiveCfg = Debug|Any CPU
		{F42DF676-7D61-4A6E-ACEA-04A1E2C57246}.Debug|Any CPU.Build.0 = Debug|Any CPU
		{F42DF676-7D61-4A6E-ACEA-04A1E2C57246}.Release|Any CPU.ActiveCfg = Release|Any CPU
		{F42DF676-7D61-4A6E-ACEA-04A1E2C57246}.Release|Any CPU.Build.0 = Release|Any CPU
	EndGlobalSection
	GlobalSection(SolutionProperties) = preSolution
		HideSolutionNode = FALSE
	EndGlobalSection
	GlobalSection(ExtensibilityGlobals) = postSolution
		SolutionGuid = {5FE358A0-CB54-45CB-9D84-56ED95E67AB3}
	EndGlobalSection
EndGlobal
